
Microsoft Visual Studio Solution File, Format Version 12.00
# Visual Studio Version 17
VisualStudioVersion = 17.0.31903.59
MinimumVisualStudioVersion = 10.0.40219.1
Project("{9A19103F-16F7-4668-BE54-9A1E7A4F7556}") = "libtiled", "src\libtiled\libtiled.csproj", "{9AE76338-350D-47CA-A7DB-122C0AB9FCEF}"
EndProject
Project("{9A19103F-16F7-4668-BE54-9A1E7A4F7556}") = "libtiled.tests", "src\libtiled.tests\libtiled.tests.csproj", "{AF867011-BC4D-4320-97EA-D3C420A96963}"
EndProject
Global
	GlobalSection(SolutionConfigurationPlatforms) = preSolution
		Debug|Any CPU = Debug|Any CPU
		Release|Any CPU = Release|Any CPU
	EndGlobalSection
	GlobalSection(ProjectConfigurationPlatforms) = postSolution
		{9AE76338-350D-47CA-A7DB-122C0AB9FCEF}.Debug|Any CPU.ActiveCfg = Debug|Any CPU
		{9AE76338-350D-47CA-A7DB-122C0AB9FCEF}.Debug|Any CPU.Build.0 = Debug|Any CPU
		{9AE76338-350D-47CA-A7DB-122C0AB9FCEF}.Release|Any CPU.ActiveCfg = Release|Any CPU
		{9AE76338-350D-47CA-A7DB-122C0AB9FCEF}.Release|Any CPU.Build.0 = Release|Any CPU
		{AF867011-BC4D-4320-97EA-D3C420A96963}.Debug|Any CPU.ActiveCfg = Debug|Any CPU
		{AF867011-BC4D-4320-97EA-D3C420A96963}.Debug|Any CPU.Build.0 = Debug|Any CPU
		{AF867011-BC4D-4320-97EA-D3C420A96963}.Release|Any CPU.ActiveCfg = Release|Any CPU
		{AF867011-BC4D-4320-97EA-D3C420A96963}.Release|Any CPU.Build.0 = Release|Any CPU
	EndGlobalSection
	GlobalSection(SolutionProperties) = preSolution
		HideSolutionNode = FALSE
	EndGlobalSection
	GlobalSection(ExtensibilityGlobals) = postSolution
		SolutionGuid = {5C4734C4-5A73-4B8E-BE33-0EEE23928D04}
	EndGlobalSection
EndGlobal
